
Microsoft Visual Studio Solution File, Format Version 12.00
# Visual Studio 15
VisualStudioVersion = 15.0.33026.149
MinimumVisualStudioVersion = 10.0.40219.1
Project("{FAE04EC0-301F-11D3-BF4B-00C04F79EFBC}") = "XLA11_LamMuotAnh", "XLA11_LamMuotAnh\XLA11_LamMuotAnh.csproj", "{9184942D-B952-4DDE-9137-7E1CD6009581}"
EndProject
Global
	GlobalSection(SolutionConfigurationPlatforms) = preSolution
		Debug|Any CPU = Debug|Any CPU
		Release|Any CPU = Release|Any CPU
	EndGlobalSection
	GlobalSection(ProjectConfigurationPlatforms) = postSolution
		{9184942D-B952-4DDE-9137-7E1CD6009581}.Debug|Any CPU.ActiveCfg = Debug|Any CPU
		{9184942D-B952-4DDE-9137-7E1CD6009581}.Debug|Any CPU.Build.0 = Debug|Any CPU
		{9184942D-B952-4DDE-9137-7E1CD6009581}.Release|Any CPU.ActiveCfg = Release|Any CPU
		{9184942D-B952-4DDE-9137-7E1CD6009581}.Release|Any CPU.Build.0 = Release|Any CPU
	EndGlobalSection
	GlobalSection(SolutionProperties) = preSolution
		HideSolutionNode = FALSE
	EndGlobalSection
	GlobalSection(ExtensibilityGlobals) = postSolution
		SolutionGuid = {92AC09BC-1934-4555-9F84-483A1086ABF7}
	EndGlobalSection
EndGlobal
