
Microsoft Visual Studio Solution File, Format Version 12.00
# Visual Studio 15
VisualStudioVersion = 15.0.33403.129
MinimumVisualStudioVersion = 10.0.40219.1
Project("{FAE04EC0-301F-11D3-BF4B-00C04F79EFBC}") = "XLA14_Edge_Detection_Grayscale_Image", "XLA14_Edge_Detection_Grayscale_Image\XLA14_Edge_Detection_Grayscale_Image.csproj", "{27F20EBB-3EEB-425D-8007-0F62070B822A}"
EndProject
Global
	GlobalSection(SolutionConfigurationPlatforms) = preSolution
		Debug|Any CPU = Debug|Any CPU
		Release|Any CPU = Release|Any CPU
	EndGlobalSection
	GlobalSection(ProjectConfigurationPlatforms) = postSolution
		{27F20EBB-3EEB-425D-8007-0F62070B822A}.Debug|Any CPU.ActiveCfg = Debug|Any CPU
		{27F20EBB-3EEB-425D-8007-0F62070B822A}.Debug|Any CPU.Build.0 = Debug|Any CPU
		{27F20EBB-3EEB-425D-8007-0F62070B822A}.Release|Any CPU.ActiveCfg = Release|Any CPU
		{27F20EBB-3EEB-425D-8007-0F62070B822A}.Release|Any CPU.Build.0 = Release|Any CPU
	EndGlobalSection
	GlobalSection(SolutionProperties) = preSolution
		HideSolutionNode = FALSE
	EndGlobalSection
	GlobalSection(ExtensibilityGlobals) = postSolution
		SolutionGuid = {258A4CC6-FD25-4324-8C67-964A4F088DA2}
	EndGlobalSection
EndGlobal
