
Microsoft Visual Studio Solution File, Format Version 12.00
# Visual Studio 15
VisualStudioVersion = 15.0.33026.149
MinimumVisualStudioVersion = 10.0.40219.1
Project("{FAE04EC0-301F-11D3-BF4B-00C04F79EFBC}") = "XLA04-ChuyenAnhMauRGBSangNhiPhan", "XLA04-ChuyenAnhMauRGBSangNhiPhan\XLA04-ChuyenAnhMauRGBSangNhiPhan.csproj", "{C6DE9B83-D399-4CF6-A40C-547063F2BFCC}"
EndProject
Global
	GlobalSection(SolutionConfigurationPlatforms) = preSolution
		Debug|Any CPU = Debug|Any CPU
		Release|Any CPU = Release|Any CPU
	EndGlobalSection
	GlobalSection(ProjectConfigurationPlatforms) = postSolution
		{C6DE9B83-D399-4CF6-A40C-547063F2BFCC}.Debug|Any CPU.ActiveCfg = Debug|Any CPU
		{C6DE9B83-D399-4CF6-A40C-547063F2BFCC}.Debug|Any CPU.Build.0 = Debug|Any CPU
		{C6DE9B83-D399-4CF6-A40C-547063F2BFCC}.Release|Any CPU.ActiveCfg = Release|Any CPU
		{C6DE9B83-D399-4CF6-A40C-547063F2BFCC}.Release|Any CPU.Build.0 = Release|Any CPU
	EndGlobalSection
	GlobalSection(SolutionProperties) = preSolution
		HideSolutionNode = FALSE
	EndGlobalSection
	GlobalSection(ExtensibilityGlobals) = postSolution
		SolutionGuid = {D07CE8B7-68F2-4E41-B256-0AEE046330F4}
	EndGlobalSection
EndGlobal
